github.com/t0xic0der/spectrum v0.0.0-20201020024104-f9cfd900b2d8 h1:W/1eh6ehTCYqncPkQqSc1NpGiJe+I1Y2UpLbjyscbQQ=
github.com/t0xic0der/spectrum v0.0.0-20201020024104-f9cfd900b2d8/go.mod h1:DeUxgB2ynKjHZHocObVTh4swx/6fVKqv2f6ru+oihqI=
github.com/tidwall/gjson v1.6.1 h1:LRbvNuNuvAiISWg6gxLEFuCe72UKy5hDqhxW/8183ws=
github.com/tidwall/gjson v1.6.1/go.mod h1:BaHyNc5bjzYkPqgLq7mdVzeiRtULKULXLgZFKsxEHI0=
github.com/tidwall/match v1.0.1 h1:PnKP62LPNxHKTwvHHZZzdOAOCtsJTjo6dZLCwpKm5xc=
github.com/tidwall/match v1.0.1/go.mod h1:LujAq0jyVjBy028G1WhWfIzbpQfMO8bBZ6Tyb0+pL9E=
github.com/tidwall/pretty v1.0.2 h1:Z7S3cePv9Jwm1KwS0513MRaoUe3S01WPbLNV40pwWZU=
github.com/tidwall/pretty v1.0.2/go.mod h1:XNkn88O1ChpSDQmQeStsy+sBenx6DDtFZJxhVysOjyk=
